
Microsoft Visual Studio Solution File, Format Version 12.00
Project("{2150E333-8FDC-42A3-9474-1A3956D46DE8}") = "src", "src", "{38BB5883-6414-4B6E-8CAC-1A2131A93A26}"
EndProject
Project("{2150E333-8FDC-42A3-9474-1A3956D46DE8}") = "docs", "docs", "{3DA9904D-7A86-44B4-B6ED-E7ABB681DBB1}"
EndProject
Project("{2150E333-8FDC-42A3-9474-1A3956D46DE8}") = "tests", "tests", "{168788F1-4B52-439A-AAF2-55913C0D6251}"
EndProject
Project("{2150E333-8FDC-42A3-9474-1A3956D46DE8}") = "tools", "tools", "{50F8D805-139C-42B0-83BF-AF37CE463843}"
EndProject
Project("{2150E333-8FDC-42A3-9474-1A3956D46DE8}") = "dotnet", "dotnet", "{C9DD714C-E438-4E4F-A528-602A5C82B8A5}"
ProjectSection(SolutionItems) = preProject
	dotnet\tools\stylecop.json = dotnet\tools\stylecop.json
EndProjectSection
EndProject
Project("{FAE04EC0-301F-11D3-BF4B-00C04F79EFBC}") = "Api", "dotnet\src\Api\Api.csproj", "{70786DDC-FF44-4044-BA14-7B3A5444B7E9}"
EndProject
Project("{FAE04EC0-301F-11D3-BF4B-00C04F79EFBC}") = "Api.Tests", "dotnet\tests\Api.Tests\Api.Tests.csproj", "{F44CB13A-9EBB-4F34-A314-6C82A3593988}"
EndProject
Project("{FAE04EC0-301F-11D3-BF4B-00C04F79EFBC}") = "Application", "dotnet\src\Application\Application.csproj", "{E1E83712-7184-49AB-A446-55E21830A66A}"
EndProject
Project("{FAE04EC0-301F-11D3-BF4B-00C04F79EFBC}") = "Application.Tests", "dotnet\tests\Application.Tests\Application.Tests.csproj", "{736E2A35-8584-4374-B385-088DADD7CF49}"
EndProject
Global
	GlobalSection(SolutionConfigurationPlatforms) = preSolution
		Debug|Any CPU = Debug|Any CPU
		Release|Any CPU = Release|Any CPU
	EndGlobalSection
	GlobalSection(NestedProjects) = preSolution
		{38BB5883-6414-4B6E-8CAC-1A2131A93A26} = {C9DD714C-E438-4E4F-A528-602A5C82B8A5}
		{168788F1-4B52-439A-AAF2-55913C0D6251} = {C9DD714C-E438-4E4F-A528-602A5C82B8A5}
		{50F8D805-139C-42B0-83BF-AF37CE463843} = {C9DD714C-E438-4E4F-A528-602A5C82B8A5}
		{3DA9904D-7A86-44B4-B6ED-E7ABB681DBB1} = {C9DD714C-E438-4E4F-A528-602A5C82B8A5}
		{70786DDC-FF44-4044-BA14-7B3A5444B7E9} = {38BB5883-6414-4B6E-8CAC-1A2131A93A26}
		{F44CB13A-9EBB-4F34-A314-6C82A3593988} = {168788F1-4B52-439A-AAF2-55913C0D6251}
		{E1E83712-7184-49AB-A446-55E21830A66A} = {38BB5883-6414-4B6E-8CAC-1A2131A93A26}
		{736E2A35-8584-4374-B385-088DADD7CF49} = {168788F1-4B52-439A-AAF2-55913C0D6251}
	EndGlobalSection
	GlobalSection(ProjectConfigurationPlatforms) = postSolution
		{70786DDC-FF44-4044-BA14-7B3A5444B7E9}.Debug|Any CPU.ActiveCfg = Debug|Any CPU
		{70786DDC-FF44-4044-BA14-7B3A5444B7E9}.Debug|Any CPU.Build.0 = Debug|Any CPU
		{70786DDC-FF44-4044-BA14-7B3A5444B7E9}.Release|Any CPU.ActiveCfg = Release|Any CPU
		{70786DDC-FF44-4044-BA14-7B3A5444B7E9}.Release|Any CPU.Build.0 = Release|Any CPU
		{F44CB13A-9EBB-4F34-A314-6C82A3593988}.Debug|Any CPU.ActiveCfg = Debug|Any CPU
		{F44CB13A-9EBB-4F34-A314-6C82A3593988}.Debug|Any CPU.Build.0 = Debug|Any CPU
		{F44CB13A-9EBB-4F34-A314-6C82A3593988}.Release|Any CPU.ActiveCfg = Release|Any CPU
		{F44CB13A-9EBB-4F34-A314-6C82A3593988}.Release|Any CPU.Build.0 = Release|Any CPU
		{E1E83712-7184-49AB-A446-55E21830A66A}.Debug|Any CPU.ActiveCfg = Debug|Any CPU
		{E1E83712-7184-49AB-A446-55E21830A66A}.Debug|Any CPU.Build.0 = Debug|Any CPU
		{E1E83712-7184-49AB-A446-55E21830A66A}.Release|Any CPU.ActiveCfg = Release|Any CPU
		{E1E83712-7184-49AB-A446-55E21830A66A}.Release|Any CPU.Build.0 = Release|Any CPU
		{736E2A35-8584-4374-B385-088DADD7CF49}.Debug|Any CPU.ActiveCfg = Debug|Any CPU
		{736E2A35-8584-4374-B385-088DADD7CF49}.Debug|Any CPU.Build.0 = Debug|Any CPU
		{736E2A35-8584-4374-B385-088DADD7CF49}.Release|Any CPU.ActiveCfg = Release|Any CPU
		{736E2A35-8584-4374-B385-088DADD7CF49}.Release|Any CPU.Build.0 = Release|Any CPU
	EndGlobalSection
EndGlobal
